
Microsoft Visual Studio Solution File, Format Version 12.00
# Visual Studio 15
VisualStudioVersion = 15.0.27703.2042
MinimumVisualStudioVersion = 10.0.40219.1
Project("{9A19103F-16F7-4668-BE54-9A1E7A4F7556}") = "Hei.Admin.Api", "Hei.Admin.Api\Hei.Admin.Api.csproj", "{0C368069-911C-4ACF-A637-8ECD9B22B5CA}"
EndProject
Project("{9A19103F-16F7-4668-BE54-9A1E7A4F7556}") = "Hei.Admin.UnitTest", "Hei.Admin.UnitTest\Hei.Admin.UnitTest.csproj", "{0AB924F3-2F09-448C-84E4-C5EB6B414489}"
EndProject
Project("{9A19103F-16F7-4668-BE54-9A1E7A4F7556}") = "Hei.Admin.Core", "Hei.Admin.Core\Hei.Admin.Core.csproj", "{9C75058C-31AD-41ED-91DE-EFFBEFB4DF99}"
EndProject
Project("{FAE04EC0-301F-11D3-BF4B-00C04F79EFBC}") = "Hei.Admin.ViewModel", "Hei.Admin.ViewModel\Hei.Admin.ViewModel.csproj", "{4779D1D6-F768-4FD4-873A-FB74026BDDF7}"
EndProject
Project("{FAE04EC0-301F-11D3-BF4B-00C04F79EFBC}") = "Hei.Admin.Repository", "Hei.Admin.Repository\Hei.Admin.Repository.csproj", "{92445095-CDF4-482C-AA0E-F9C8C84299BD}"
EndProject
Project("{FAE04EC0-301F-11D3-BF4B-00C04F79EFBC}") = "Hei.Admin.IRepository", "Hei.Admin.IRepository\Hei.Admin.IRepository.csproj", "{019EF9A9-D44C-4A55-9605-79D25574704D}"
EndProject
Project("{FAE04EC0-301F-11D3-BF4B-00C04F79EFBC}") = "Hei.Admin.Models", "Hei.Admin.Models\Hei.Admin.Models.csproj", "{1D02E220-BA46-4435-8646-74F644C2AC71}"
EndProject
Project("{FAE04EC0-301F-11D3-BF4B-00C04F79EFBC}") = "Hei.Admin.Service", "Hei.Admin.Service\Hei.Admin.Service.csproj", "{063E1FD4-2E49-43DA-A9C1-9CC23C3718A4}"
EndProject
Global
	GlobalSection(SolutionConfigurationPlatforms) = preSolution
		Debug|Any CPU = Debug|Any CPU
		Release|Any CPU = Release|Any CPU
	EndGlobalSection
	GlobalSection(ProjectConfigurationPlatforms) = postSolution
		{0C368069-911C-4ACF-A637-8ECD9B22B5CA}.Debug|Any CPU.ActiveCfg = Debug|Any CPU
		{0C368069-911C-4ACF-A637-8ECD9B22B5CA}.Debug|Any CPU.Build.0 = Debug|Any CPU
		{0C368069-911C-4ACF-A637-8ECD9B22B5CA}.Release|Any CPU.ActiveCfg = Release|Any CPU
		{0C368069-911C-4ACF-A637-8ECD9B22B5CA}.Release|Any CPU.Build.0 = Release|Any CPU
		{0AB924F3-2F09-448C-84E4-C5EB6B414489}.Debug|Any CPU.ActiveCfg = Debug|Any CPU
		{0AB924F3-2F09-448C-84E4-C5EB6B414489}.Debug|Any CPU.Build.0 = Debug|Any CPU
		{0AB924F3-2F09-448C-84E4-C5EB6B414489}.Release|Any CPU.ActiveCfg = Release|Any CPU
		{0AB924F3-2F09-448C-84E4-C5EB6B414489}.Release|Any CPU.Build.0 = Release|Any CPU
		{9C75058C-31AD-41ED-91DE-EFFBEFB4DF99}.Debug|Any CPU.ActiveCfg = Debug|Any CPU
		{9C75058C-31AD-41ED-91DE-EFFBEFB4DF99}.Debug|Any CPU.Build.0 = Debug|Any CPU
		{9C75058C-31AD-41ED-91DE-EFFBEFB4DF99}.Release|Any CPU.ActiveCfg = Release|Any CPU
		{9C75058C-31AD-41ED-91DE-EFFBEFB4DF99}.Release|Any CPU.Build.0 = Release|Any CPU
		{4779D1D6-F768-4FD4-873A-FB74026BDDF7}.Debug|Any CPU.ActiveCfg = Debug|Any CPU
		{4779D1D6-F768-4FD4-873A-FB74026BDDF7}.Debug|Any CPU.Build.0 = Debug|Any CPU
		{4779D1D6-F768-4FD4-873A-FB74026BDDF7}.Release|Any CPU.ActiveCfg = Release|Any CPU
		{4779D1D6-F768-4FD4-873A-FB74026BDDF7}.Release|Any CPU.Build.0 = Release|Any CPU
		{92445095-CDF4-482C-AA0E-F9C8C84299BD}.Debug|Any CPU.ActiveCfg = Debug|Any CPU
		{92445095-CDF4-482C-AA0E-F9C8C84299BD}.Debug|Any CPU.Build.0 = Debug|Any CPU
		{92445095-CDF4-482C-AA0E-F9C8C84299BD}.Release|Any CPU.ActiveCfg = Release|Any CPU
		{92445095-CDF4-482C-AA0E-F9C8C84299BD}.Release|Any CPU.Build.0 = Release|Any CPU
		{019EF9A9-D44C-4A55-9605-79D25574704D}.Debug|Any CPU.ActiveCfg = Debug|Any CPU
		{019EF9A9-D44C-4A55-9605-79D25574704D}.Debug|Any CPU.Build.0 = Debug|Any CPU
		{019EF9A9-D44C-4A55-9605-79D25574704D}.Release|Any CPU.ActiveCfg = Release|Any CPU
		{019EF9A9-D44C-4A55-9605-79D25574704D}.Release|Any CPU.Build.0 = Release|Any CPU
		{1D02E220-BA46-4435-8646-74F644C2AC71}.Debug|Any CPU.ActiveCfg = Debug|Any CPU
		{1D02E220-BA46-4435-8646-74F644C2AC71}.Debug|Any CPU.Build.0 = Debug|Any CPU
		{1D02E220-BA46-4435-8646-74F644C2AC71}.Release|Any CPU.ActiveCfg = Release|Any CPU
		{1D02E220-BA46-4435-8646-74F644C2AC71}.Release|Any CPU.Build.0 = Release|Any CPU
		{063E1FD4-2E49-43DA-A9C1-9CC23C3718A4}.Debug|Any CPU.ActiveCfg = Debug|Any CPU
		{063E1FD4-2E49-43DA-A9C1-9CC23C3718A4}.Debug|Any CPU.Build.0 = Debug|Any CPU
		{063E1FD4-2E49-43DA-A9C1-9CC23C3718A4}.Release|Any CPU.ActiveCfg = Release|Any CPU
		{063E1FD4-2E49-43DA-A9C1-9CC23C3718A4}.Release|Any CPU.Build.0 = Release|Any CPU
	EndGlobalSection
	GlobalSection(SolutionProperties) = preSolution
		HideSolutionNode = FALSE
	EndGlobalSection
	GlobalSection(ExtensibilityGlobals) = postSolution
		SolutionGuid = {7E3A6D14-5323-4050-9A09-B1D5B984C2EE}
	EndGlobalSection
EndGlobal
